
Microsoft Visual Studio Solution File, Format Version 12.00
# Visual Studio Version 17
VisualStudioVersion = 17.10.35122.118
MinimumVisualStudioVersion = 10.0.40219.1
Project("{FAE04EC0-301F-11D3-BF4B-00C04F79EFBC}") = "SetlistToPlaylist.Api", "SetlistToPlaylist.Api\SetlistToPlaylist.Api.csproj", "{36F51AF7-2C4E-B57D-E82F-72591C314CD5}"
EndProject
Project("{FAE04EC0-301F-11D3-BF4B-00C04F79EFBC}") = "SetlistToPlaylist.Api.Test", "SetlistToPlaylist.Api.Test\SetlistToPlaylist.Api.Test.csproj", "{76F7B8A4-F73D-0FC6-6030-64C7E4B45092}"
EndProject
Global
	GlobalSection(SolutionConfigurationPlatforms) = preSolution
		Debug|Any CPU = Debug|Any CPU
		Release|Any CPU = Release|Any CPU
	EndGlobalSection
	GlobalSection(ProjectConfigurationPlatforms) = postSolution
		{36F51AF7-2C4E-B57D-E82F-72591C314CD5}.Debug|Any CPU.ActiveCfg = Debug|Any CPU
		{36F51AF7-2C4E-B57D-E82F-72591C314CD5}.Debug|Any CPU.Build.0 = Debug|Any CPU
		{36F51AF7-2C4E-B57D-E82F-72591C314CD5}.Release|Any CPU.ActiveCfg = Release|Any CPU
		{36F51AF7-2C4E-B57D-E82F-72591C314CD5}.Release|Any CPU.Build.0 = Release|Any CPU
		{76F7B8A4-F73D-0FC6-6030-64C7E4B45092}.Debug|Any CPU.ActiveCfg = Debug|Any CPU
		{76F7B8A4-F73D-0FC6-6030-64C7E4B45092}.Debug|Any CPU.Build.0 = Debug|Any CPU
		{76F7B8A4-F73D-0FC6-6030-64C7E4B45092}.Release|Any CPU.ActiveCfg = Release|Any CPU
		{76F7B8A4-F73D-0FC6-6030-64C7E4B45092}.Release|Any CPU.Build.0 = Release|Any CPU
	EndGlobalSection
	GlobalSection(SolutionProperties) = preSolution
		HideSolutionNode = FALSE
	EndGlobalSection
	GlobalSection(ExtensibilityGlobals) = postSolution
		SolutionGuid = {DB888F64-3E77-4AA0-9ABC-7BDECAF549C4}
	EndGlobalSection
EndGlobal
